
Microsoft Visual Studio Solution File, Format Version 12.00
# Visual Studio Version 16
VisualStudioVersion = 16.0.31005.135
MinimumVisualStudioVersion = 10.0.40219.1
Project("{9A19103F-16F7-4668-BE54-9A1E7A4F7556}") = "KampIntro", "KampIntro\KampIntro.csproj", "{B2B376CB-1BEF-48B6-8793-8CBD647C31FD}"
EndProject
Project("{9A19103F-16F7-4668-BE54-9A1E7A4F7556}") = "Donguler", "Donguler\Donguler.csproj", "{42171C2A-AD9B-4C10-A895-CADB73F7AB01}"
EndProject
Project("{9A19103F-16F7-4668-BE54-9A1E7A4F7556}") = "ClassIntro", "ClassIntro\ClassIntro.csproj", "{26A1B4E2-EA1D-4ED7-B372-AEA012FE9E9A}"
EndProject
Project("{9A19103F-16F7-4668-BE54-9A1E7A4F7556}") = "Methods", "Methods\Methods.csproj", "{FFDFDC30-519D-4C93-801C-FC8802D31491}"
EndProject
Project("{9A19103F-16F7-4668-BE54-9A1E7A4F7556}") = "Matematik", "Matematik\Matematik.csproj", "{0E78BFC4-B069-4DD4-8432-D222C4665764}"
EndProject
Project("{9A19103F-16F7-4668-BE54-9A1E7A4F7556}") = "DegerVeReferansTipler", "DegerVeReferansTipler\DegerVeReferansTipler.csproj", "{FC5DD9E6-E11F-418F-BBC0-C5874321554F}"
EndProject
Project("{9A19103F-16F7-4668-BE54-9A1E7A4F7556}") = "OOP1", "OOP1\OOP1.csproj", "{0934227F-0BA8-4C72-81BA-CE77A79C08BB}"
EndProject
Project("{9A19103F-16F7-4668-BE54-9A1E7A4F7556}") = "Koleksiyonlar", "Koleksiyonlar\Koleksiyonlar.csproj", "{8F697796-0B33-4E78-AB97-03A7F539CF93}"
EndProject
Project("{9A19103F-16F7-4668-BE54-9A1E7A4F7556}") = "GenericsIntro", "GenericsIntro\GenericsIntro.csproj", "{EF943E59-089B-40B4-84F2-261AB90C7A7E}"
EndProject
Project("{FAE04EC0-301F-11D3-BF4B-00C04F79EFBC}") = "OOP2", "OOP2\OOP2.csproj", "{539B804F-95DA-4964-93E5-4311BC32A884}"
EndProject
Project("{FAE04EC0-301F-11D3-BF4B-00C04F79EFBC}") = "OOP3", "OOP3\OOP3.csproj", "{AE64A92E-42DE-47B7-8E8E-36EE188FCC50}"
EndProject
Global
	GlobalSection(SolutionConfigurationPlatforms) = preSolution
		Debug|Any CPU = Debug|Any CPU
		Release|Any CPU = Release|Any CPU
	EndGlobalSection
	GlobalSection(ProjectConfigurationPlatforms) = postSolution
		{B2B376CB-1BEF-48B6-8793-8CBD647C31FD}.Debug|Any CPU.ActiveCfg = Debug|Any CPU
		{B2B376CB-1BEF-48B6-8793-8CBD647C31FD}.Debug|Any CPU.Build.0 = Debug|Any CPU
		{B2B376CB-1BEF-48B6-8793-8CBD647C31FD}.Release|Any CPU.ActiveCfg = Release|Any CPU
		{B2B376CB-1BEF-48B6-8793-8CBD647C31FD}.Release|Any CPU.Build.0 = Release|Any CPU
		{42171C2A-AD9B-4C10-A895-CADB73F7AB01}.Debug|Any CPU.ActiveCfg = Debug|Any CPU
		{42171C2A-AD9B-4C10-A895-CADB73F7AB01}.Debug|Any CPU.Build.0 = Debug|Any CPU
		{42171C2A-AD9B-4C10-A895-CADB73F7AB01}.Release|Any CPU.ActiveCfg = Release|Any CPU
		{42171C2A-AD9B-4C10-A895-CADB73F7AB01}.Release|Any CPU.Build.0 = Release|Any CPU
		{26A1B4E2-EA1D-4ED7-B372-AEA012FE9E9A}.Debug|Any CPU.ActiveCfg = Debug|Any CPU
		{26A1B4E2-EA1D-4ED7-B372-AEA012FE9E9A}.Debug|Any CPU.Build.0 = Debug|Any CPU
		{26A1B4E2-EA1D-4ED7-B372-AEA012FE9E9A}.Release|Any CPU.ActiveCfg = Release|Any CPU
		{26A1B4E2-EA1D-4ED7-B372-AEA012FE9E9A}.Release|Any CPU.Build.0 = Release|Any CPU
		{FFDFDC30-519D-4C93-801C-FC8802D31491}.Debug|Any CPU.ActiveCfg = Debug|Any CPU
		{FFDFDC30-519D-4C93-801C-FC8802D31491}.Debug|Any CPU.Build.0 = Debug|Any CPU
		{FFDFDC30-519D-4C93-801C-FC8802D31491}.Release|Any CPU.ActiveCfg = Release|Any CPU
		{FFDFDC30-519D-4C93-801C-FC8802D31491}.Release|Any CPU.Build.0 = Release|Any CPU
		{0E78BFC4-B069-4DD4-8432-D222C4665764}.Debug|Any CPU.ActiveCfg = Debug|Any CPU
		{0E78BFC4-B069-4DD4-8432-D222C4665764}.Debug|Any CPU.Build.0 = Debug|Any CPU
		{0E78BFC4-B069-4DD4-8432-D222C4665764}.Release|Any CPU.ActiveCfg = Release|Any CPU
		{0E78BFC4-B069-4DD4-8432-D222C4665764}.Release|Any CPU.Build.0 = Release|Any CPU
		{FC5DD9E6-E11F-418F-BBC0-C5874321554F}.Debug|Any CPU.ActiveCfg = Debug|Any CPU
		{FC5DD9E6-E11F-418F-BBC0-C5874321554F}.Debug|Any CPU.Build.0 = Debug|Any CPU
		{FC5DD9E6-E11F-418F-BBC0-C5874321554F}.Release|Any CPU.ActiveCfg = Release|Any CPU
		{FC5DD9E6-E11F-418F-BBC0-C5874321554F}.Release|Any CPU.Build.0 = Release|Any CPU
		{0934227F-0BA8-4C72-81BA-CE77A79C08BB}.Debug|Any CPU.ActiveCfg = Debug|Any CPU
		{0934227F-0BA8-4C72-81BA-CE77A79C08BB}.Debug|Any CPU.Build.0 = Debug|Any CPU
		{0934227F-0BA8-4C72-81BA-CE77A79C08BB}.Release|Any CPU.ActiveCfg = Release|Any CPU
		{0934227F-0BA8-4C72-81BA-CE77A79C08BB}.Release|Any CPU.Build.0 = Release|Any CPU
		{8F697796-0B33-4E78-AB97-03A7F539CF93}.Debug|Any CPU.ActiveCfg = Debug|Any CPU
		{8F697796-0B33-4E78-AB97-03A7F539CF93}.Debug|Any CPU.Build.0 = Debug|Any CPU
		{8F697796-0B33-4E78-AB97-03A7F539CF93}.Release|Any CPU.ActiveCfg = Release|Any CPU
		{8F697796-0B33-4E78-AB97-03A7F539CF93}.Release|Any CPU.Build.0 = Release|Any CPU
		{EF943E59-089B-40B4-84F2-261AB90C7A7E}.Debug|Any CPU.ActiveCfg = Debug|Any CPU
		{EF943E59-089B-40B4-84F2-261AB90C7A7E}.Debug|Any CPU.Build.0 = Debug|Any CPU
		{EF943E59-089B-40B4-84F2-261AB90C7A7E}.Release|Any CPU.ActiveCfg = Release|Any CPU
		{EF943E59-089B-40B4-84F2-261AB90C7A7E}.Release|Any CPU.Build.0 = Release|Any CPU
		{539B804F-95DA-4964-93E5-4311BC32A884}.Debug|Any CPU.ActiveCfg = Debug|Any CPU
		{539B804F-95DA-4964-93E5-4311BC32A884}.Debug|Any CPU.Build.0 = Debug|Any CPU
		{539B804F-95DA-4964-93E5-4311BC32A884}.Release|Any CPU.ActiveCfg = Release|Any CPU
		{539B804F-95DA-4964-93E5-4311BC32A884}.Release|Any CPU.Build.0 = Release|Any CPU
		{AE64A92E-42DE-47B7-8E8E-36EE188FCC50}.Debug|Any CPU.ActiveCfg = Debug|Any CPU
		{AE64A92E-42DE-47B7-8E8E-36EE188FCC50}.Debug|Any CPU.Build.0 = Debug|Any CPU
		{AE64A92E-42DE-47B7-8E8E-36EE188FCC50}.Release|Any CPU.ActiveCfg = Release|Any CPU
		{AE64A92E-42DE-47B7-8E8E-36EE188FCC50}.Release|Any CPU.Build.0 = Release|Any CPU
	EndGlobalSection
	GlobalSection(SolutionProperties) = preSolution
		HideSolutionNode = FALSE
	EndGlobalSection
	GlobalSection(ExtensibilityGlobals) = postSolution
		SolutionGuid = {2638F27D-BEE3-4E16-9E25-B3589076C331}
	EndGlobalSection
EndGlobal
